
Microsoft Visual Studio Solution File, Format Version 12.00
# Visual Studio Version 17
VisualStudioVersion = 17.5.002.0
MinimumVisualStudioVersion = 10.0.40219.1
Project("{9A19103F-16F7-4668-BE54-9A1E7A4F7556}") = "TrilhaApiDesafio", "TrilhaApiDesafio.csproj", "{D36A20FB-0235-4404-90B8-E532B595AB53}"
EndProject
Global
	GlobalSection(SolutionConfigurationPlatforms) = preSolution
		Debug|Any CPU = Debug|Any CPU
		Release|Any CPU = Release|Any CPU
	EndGlobalSection
	GlobalSection(ProjectConfigurationPlatforms) = postSolution
		{D36A20FB-0235-4404-90B8-E532B595AB53}.Debug|Any CPU.ActiveCfg = Debug|Any CPU
		{D36A20FB-0235-4404-90B8-E532B595AB53}.Debug|Any CPU.Build.0 = Debug|Any CPU
		{D36A20FB-0235-4404-90B8-E532B595AB53}.Release|Any CPU.ActiveCfg = Release|Any CPU
		{D36A20FB-0235-4404-90B8-E532B595AB53}.Release|Any CPU.Build.0 = Release|Any CPU
	EndGlobalSection
	GlobalSection(SolutionProperties) = preSolution
		HideSolutionNode = FALSE
	EndGlobalSection
	GlobalSection(ExtensibilityGlobals) = postSolution
		SolutionGuid = {96FAA616-9861-47CF-A982-5EDF367F9F47}
	EndGlobalSection
EndGlobal
